
Microsoft Visual Studio Solution File, Format Version 12.00
# Visual Studio 15
Project("{FAE04EC0-301F-11D3-BF4B-00C04F79EFBC}") = "Assembly-CSharp", "Assembly-CSharp.csproj", "{0453A91E-4B17-DA10-7289-E86046C64D5F}"
EndProject
Global
	GlobalSection(SolutionConfigurationPlatforms) = preSolution
		Debug|Any CPU = Debug|Any CPU
		Release|Any CPU = Release|Any CPU
	EndGlobalSection
	GlobalSection(ProjectConfigurationPlatforms) = postSolution
		{0453A91E-4B17-DA10-7289-E86046C64D5F}.Debug|Any CPU.ActiveCfg = Debug|Any CPU
		{0453A91E-4B17-DA10-7289-E86046C64D5F}.Debug|Any CPU.Build.0 = Debug|Any CPU
		{0453A91E-4B17-DA10-7289-E86046C64D5F}.Release|Any CPU.ActiveCfg = Release|Any CPU
		{0453A91E-4B17-DA10-7289-E86046C64D5F}.Release|Any CPU.Build.0 = Release|Any CPU
	EndGlobalSection
	GlobalSection(SolutionProperties) = preSolution
		HideSolutionNode = FALSE
	EndGlobalSection
EndGlobal
